{
  "version": 4,
  "terraform_version": "1.6.6",
  "serial": 140,
  "lineage": "7ad3f095-b22e-d74c-1ff8-c1016106112c",
  "outputs": {
    "external_ip_address_app": {
      "value": [
        "51.250.82.79",
        "158.160.62.255"
      ],
      "type": [
        "tuple",
        [
          "string",
          "string"
        ]
      ]
    },
    "external_ip_address_lb": {
      "value": [
        [
          "158.160.141.139"
        ]
      ],
      "type": [
        "list",
        [
          "list",
          "string"
        ]
      ]
    },
    "internal_ip_address_app": {
      "value": [
        "10.128.0.25",
        "10.128.0.5"
      ],
      "type": [
        "tuple",
        [
          "string",
          "string"
        ]
      ]
    }
  },
  "resources": [
    {
      "mode": "managed",
      "type": "yandex_compute_instance",
      "name": "app",
      "provider": "provider[\"registry.terraform.io/yandex-cloud/yandex\"]",
      "instances": [
        {
          "index_key": 0,
          "schema_version": 1,
          "attributes": {
            "allow_recreate": null,
            "allow_stopping_for_update": null,
            "boot_disk": [
              {
                "auto_delete": true,
                "device_name": "fhm8vvv2b1du8nek4g73",
                "disk_id": "fhm8vvv2b1du8nek4g73",
                "initialize_params": [
                  {
                    "block_size": 4096,
                    "description": "",
                    "image_id": "fd8551gjf1t3tbb27mie",
                    "name": "",
                    "size": 10,
                    "snapshot_id": "",
                    "type": "network-hdd"
                  }
                ],
                "mode": "READ_WRITE"
              }
            ],
            "created_at": "2024-01-16T17:43:39Z",
            "description": "",
            "filesystem": [],
            "folder_id": "b1g45b2ueser4lkvkknm",
            "fqdn": "fhm5v87q7chb88as8kos.auto.internal",
            "gpu_cluster_id": "",
            "hostname": "",
            "id": "fhm5v87q7chb88as8kos",
            "labels": null,
            "local_disk": [],
            "metadata": {
              "ssh-keys": "ubuntu:ssh-rsa AAAAB3NzaC1yc2EAAAADAQABAAABgQC15+Dur/QpNMvxO2FUc5rmmmgyK7VbX95fJRFA4fHoRG8jn+YaV7cgQ5R1/ROrsMcurvGAVxV6sX9zbnO6r+lrPIt25iQXBj1j3fV5sBMIRHyev6bjRV0/5r6IzcIVMZbJfHAhALDVkIjMm/wByHQxsFvdJW+wzucmzOjUH/7n2h8P8gDDxBeBQNSEln6E6GAkOMy9uEwqk8r8lRd73I4Mpv5pxEdWxQX7OtFNf5MjesjrM/kfgdqUmZvqysMwrIh90oYU39ZAZfAj4bOk4QSydGJBUJA5EJqbwrTfH17EKL+Ac1nVkacp53NkcW4h8MjbdZD+LJUWBukXeH/zDeNyhkbVqd5uSsL7QGeQ2EWomvy4XzgwpQ9etpiPqxcOkeiv/X0zOiUit5tuWvU874vswvoCJy78G0t5VgzcuZjsbL8mdwirkCsUadiD7vXPawywg9XpSyJfh1luU0EcgllqruGrNZE5kW+dCYSJtoCKv8kZV5kCYC+Ip1KmTqg36/M= voovik59@gmail.com\n"
            },
            "metadata_options": [
              {
                "aws_v1_http_endpoint": 1,
                "aws_v1_http_token": 2,
                "gce_http_endpoint": 1,
                "gce_http_token": 1
              }
            ],
            "name": "reddit-app-1",
            "network_acceleration_type": "standard",
            "network_interface": [
              {
                "dns_record": [],
                "index": 0,
                "ip_address": "10.128.0.25",
                "ipv4": true,
                "ipv6": false,
                "ipv6_address": "",
                "ipv6_dns_record": [],
                "mac_address": "d0:0d:5f:a0:fa:3b",
                "nat": true,
                "nat_dns_record": [],
                "nat_ip_address": "51.250.82.79",
                "nat_ip_version": "IPV4",
                "security_group_ids": [],
                "subnet_id": "e9b52tgnhogstsp1k64d"
              }
            ],
            "placement_policy": [
              {
                "host_affinity_rules": [],
                "placement_group_id": ""
              }
            ],
            "platform_id": "standard-v1",
            "resources": [
              {
                "core_fraction": 100,
                "cores": 2,
                "gpus": 0,
                "memory": 2
              }
            ],
            "scheduling_policy": [
              {
                "preemptible": false
              }
            ],
            "secondary_disk": [],
            "service_account_id": "",
            "status": "running",
            "timeouts": null,
            "zone": "ru-central1-a"
          },
          "sensitive_attributes": [],
          "private": "eyJlMmJmYjczMC1lY2FhLTExZTYtOGY4OC0zNDM2M2JjN2M0YzAiOnsiY3JlYXRlIjozMDAwMDAwMDAwMDAsImRlbGV0ZSI6MzAwMDAwMDAwMDAwLCJ1cGRhdGUiOjMwMDAwMDAwMDAwMH0sInNjaGVtYV92ZXJzaW9uIjoiMSJ9"
        },
        {
          "index_key": 1,
          "schema_version": 1,
          "attributes": {
            "allow_recreate": null,
            "allow_stopping_for_update": null,
            "boot_disk": [
              {
                "auto_delete": true,
                "device_name": "fhmi3f6001qrkbjm64t5",
                "disk_id": "fhmi3f6001qrkbjm64t5",
                "initialize_params": [
                  {
                    "block_size": 4096,
                    "description": "",
                    "image_id": "fd8551gjf1t3tbb27mie",
                    "name": "",
                    "size": 10,
                    "snapshot_id": "",
                    "type": "network-hdd"
                  }
                ],
                "mode": "READ_WRITE"
              }
            ],
            "created_at": "2024-01-16T17:43:39Z",
            "description": "",
            "filesystem": [],
            "folder_id": "b1g45b2ueser4lkvkknm",
            "fqdn": "fhmflditctje6j1o1jok.auto.internal",
            "gpu_cluster_id": "",
            "hostname": "",
            "id": "fhmflditctje6j1o1jok",
            "labels": null,
            "local_disk": [],
            "metadata": {
              "ssh-keys": "ubuntu:ssh-rsa AAAAB3NzaC1yc2EAAAADAQABAAABgQC15+Dur/QpNMvxO2FUc5rmmmgyK7VbX95fJRFA4fHoRG8jn+YaV7cgQ5R1/ROrsMcurvGAVxV6sX9zbnO6r+lrPIt25iQXBj1j3fV5sBMIRHyev6bjRV0/5r6IzcIVMZbJfHAhALDVkIjMm/wByHQxsFvdJW+wzucmzOjUH/7n2h8P8gDDxBeBQNSEln6E6GAkOMy9uEwqk8r8lRd73I4Mpv5pxEdWxQX7OtFNf5MjesjrM/kfgdqUmZvqysMwrIh90oYU39ZAZfAj4bOk4QSydGJBUJA5EJqbwrTfH17EKL+Ac1nVkacp53NkcW4h8MjbdZD+LJUWBukXeH/zDeNyhkbVqd5uSsL7QGeQ2EWomvy4XzgwpQ9etpiPqxcOkeiv/X0zOiUit5tuWvU874vswvoCJy78G0t5VgzcuZjsbL8mdwirkCsUadiD7vXPawywg9XpSyJfh1luU0EcgllqruGrNZE5kW+dCYSJtoCKv8kZV5kCYC+Ip1KmTqg36/M= voovik59@gmail.com\n"
            },
            "metadata_options": [
              {
                "aws_v1_http_endpoint": 1,
                "aws_v1_http_token": 2,
                "gce_http_endpoint": 1,
                "gce_http_token": 1
              }
            ],
            "name": "reddit-app-2",
            "network_acceleration_type": "standard",
            "network_interface": [
              {
                "dns_record": [],
                "index": 0,
                "ip_address": "10.128.0.5",
                "ipv4": true,
                "ipv6": false,
                "ipv6_address": "",
                "ipv6_dns_record": [],
                "mac_address": "d0:0d:fa:b6:5d:67",
                "nat": true,
                "nat_dns_record": [],
                "nat_ip_address": "158.160.62.255",
                "nat_ip_version": "IPV4",
                "security_group_ids": [],
                "subnet_id": "e9b52tgnhogstsp1k64d"
              }
            ],
            "placement_policy": [
              {
                "host_affinity_rules": [],
                "placement_group_id": ""
              }
            ],
            "platform_id": "standard-v1",
            "resources": [
              {
                "core_fraction": 100,
                "cores": 2,
                "gpus": 0,
                "memory": 2
              }
            ],
            "scheduling_policy": [
              {
                "preemptible": false
              }
            ],
            "secondary_disk": [],
            "service_account_id": "",
            "status": "running",
            "timeouts": null,
            "zone": "ru-central1-a"
          },
          "sensitive_attributes": [],
          "private": "eyJlMmJmYjczMC1lY2FhLTExZTYtOGY4OC0zNDM2M2JjN2M0YzAiOnsiY3JlYXRlIjozMDAwMDAwMDAwMDAsImRlbGV0ZSI6MzAwMDAwMDAwMDAwLCJ1cGRhdGUiOjMwMDAwMDAwMDAwMH0sInNjaGVtYV92ZXJzaW9uIjoiMSJ9"
        }
      ]
    },
    {
      "mode": "managed",
      "type": "yandex_lb_network_load_balancer",
      "name": "balancer",
      "provider": "provider[\"registry.terraform.io/yandex-cloud/yandex\"]",
      "instances": [
        {
          "schema_version": 0,
          "attributes": {
            "attached_target_group": [
              {
                "healthcheck": [
                  {
                    "healthy_threshold": 2,
                    "http_options": [
                      {
                        "path": "/",
                        "port": 9292
                      }
                    ],
                    "interval": 2,
                    "name": "http",
                    "tcp_options": [],
                    "timeout": 1,
                    "unhealthy_threshold": 2
                  }
                ],
                "target_group_id": "enpql4isd97htblbqcqg"
              }
            ],
            "created_at": "2024-01-16T17:49:04Z",
            "deletion_protection": false,
            "description": "",
            "folder_id": "b1g45b2ueser4lkvkknm",
            "id": "enpi3g5v9lajfbptoumc",
            "labels": null,
            "listener": [
              {
                "external_address_spec": [
                  {
                    "address": "158.160.141.139",
                    "ip_version": "ipv4"
                  }
                ],
                "internal_address_spec": [],
                "name": "listener",
                "port": 9292,
                "protocol": "tcp",
                "target_port": 9292
              }
            ],
            "name": "balancer-reddit-app",
            "region_id": "ru-central1",
            "timeouts": null,
            "type": "external"
          },
          "sensitive_attributes": [],
          "private": "eyJlMmJmYjczMC1lY2FhLTExZTYtOGY4OC0zNDM2M2JjN2M0YzAiOnsiY3JlYXRlIjozMDAwMDAwMDAwMDAsImRlbGV0ZSI6MzAwMDAwMDAwMDAwLCJ1cGRhdGUiOjMwMDAwMDAwMDAwMH19",
          "dependencies": [
            "yandex_compute_instance.app",
            "yandex_lb_target_group.reddit-app"
          ]
        }
      ]
    },
    {
      "mode": "managed",
      "type": "yandex_lb_target_group",
      "name": "reddit-app",
      "provider": "provider[\"registry.terraform.io/yandex-cloud/yandex\"]",
      "instances": [
        {
          "schema_version": 0,
          "attributes": {
            "created_at": "2024-01-16T17:49:02Z",
            "description": "",
            "folder_id": "b1g45b2ueser4lkvkknm",
            "id": "enpql4isd97htblbqcqg",
            "labels": null,
            "name": "reddit-app",
            "region_id": "ru-central1",
            "target": [
              {
                "address": "10.128.0.25",
                "subnet_id": "e9b52tgnhogstsp1k64d"
              },
              {
                "address": "10.128.0.5",
                "subnet_id": "e9b52tgnhogstsp1k64d"
              }
            ],
            "timeouts": null
          },
          "sensitive_attributes": [],
          "private": "eyJlMmJmYjczMC1lY2FhLTExZTYtOGY4OC0zNDM2M2JjN2M0YzAiOnsiY3JlYXRlIjozMDAwMDAwMDAwMDAsImRlbGV0ZSI6MzAwMDAwMDAwMDAwLCJ1cGRhdGUiOjMwMDAwMDAwMDAwMH19",
          "dependencies": [
            "yandex_compute_instance.app"
          ]
        }
      ]
    }
  ],
  "check_results": null
}
