{
  "version": 4,
  "terraform_version": "1.6.6",
  "serial": 179,
  "lineage": "7ad3f095-b22e-d74c-1ff8-c1016106112c",
  "outputs": {
    "external_ip_address_app": {
      "value": "62.84.119.163",
      "type": "string"
    },
    "external_ip_address_db": {
      "value": "84.252.131.170",
      "type": "string"
    }
  },
  "resources": [
    {
      "module": "module.app",
      "mode": "managed",
      "type": "yandex_compute_instance",
      "name": "app",
      "provider": "provider[\"registry.terraform.io/yandex-cloud/yandex\"]",
      "instances": [
        {
          "schema_version": 1,
          "attributes": {
            "allow_recreate": null,
            "allow_stopping_for_update": null,
            "boot_disk": [
              {
                "auto_delete": true,
                "device_name": "fhmdep3s4mmraivi3rej",
                "disk_id": "fhmdep3s4mmraivi3rej",
                "initialize_params": [
                  {
                    "block_size": 4096,
                    "description": "",
                    "image_id": "fd85ca2jviutmh4jgplv",
                    "name": "",
                    "size": 10,
                    "snapshot_id": "",
                    "type": "network-hdd"
                  }
                ],
                "mode": "READ_WRITE"
              }
            ],
            "created_at": "2024-01-18T08:53:05Z",
            "description": "",
            "filesystem": [],
            "folder_id": "b1g45b2ueser4lkvkknm",
            "fqdn": "fhmbq364dvvulj0jd39b.auto.internal",
            "gpu_cluster_id": "",
            "hostname": "",
            "id": "fhmbq364dvvulj0jd39b",
            "labels": {
              "tags": "reddit-app"
            },
            "local_disk": [],
            "maintenance_grace_period": "",
            "maintenance_policy": null,
            "metadata": {
              "ssh-keys": "ubuntu:ssh-rsa AAAAB3NzaC1yc2EAAAADAQABAAABgQC15+Dur/QpNMvxO2FUc5rmmmgyK7VbX95fJRFA4fHoRG8jn+YaV7cgQ5R1/ROrsMcurvGAVxV6sX9zbnO6r+lrPIt25iQXBj1j3fV5sBMIRHyev6bjRV0/5r6IzcIVMZbJfHAhALDVkIjMm/wByHQxsFvdJW+wzucmzOjUH/7n2h8P8gDDxBeBQNSEln6E6GAkOMy9uEwqk8r8lRd73I4Mpv5pxEdWxQX7OtFNf5MjesjrM/kfgdqUmZvqysMwrIh90oYU39ZAZfAj4bOk4QSydGJBUJA5EJqbwrTfH17EKL+Ac1nVkacp53NkcW4h8MjbdZD+LJUWBukXeH/zDeNyhkbVqd5uSsL7QGeQ2EWomvy4XzgwpQ9etpiPqxcOkeiv/X0zOiUit5tuWvU874vswvoCJy78G0t5VgzcuZjsbL8mdwirkCsUadiD7vXPawywg9XpSyJfh1luU0EcgllqruGrNZE5kW+dCYSJtoCKv8kZV5kCYC+Ip1KmTqg36/M= voovik59@gmail.com\n"
            },
            "metadata_options": [
              {
                "aws_v1_http_endpoint": 1,
                "aws_v1_http_token": 2,
                "gce_http_endpoint": 1,
                "gce_http_token": 1
              }
            ],
            "name": "reddit-app",
            "network_acceleration_type": "standard",
            "network_interface": [
              {
                "dns_record": [],
                "index": 0,
                "ip_address": "10.128.0.7",
                "ipv4": true,
                "ipv6": false,
                "ipv6_address": "",
                "ipv6_dns_record": [],
                "mac_address": "d0:0d:bd:0c:c4:6f",
                "nat": true,
                "nat_dns_record": [],
                "nat_ip_address": "62.84.119.163",
                "nat_ip_version": "IPV4",
                "security_group_ids": [],
                "subnet_id": "e9b52tgnhogstsp1k64d"
              }
            ],
            "placement_policy": [
              {
                "host_affinity_rules": [],
                "placement_group_id": ""
              }
            ],
            "platform_id": "standard-v1",
            "resources": [
              {
                "core_fraction": 100,
                "cores": 2,
                "gpus": 0,
                "memory": 2
              }
            ],
            "scheduling_policy": [
              {
                "preemptible": false
              }
            ],
            "secondary_disk": [],
            "service_account_id": "",
            "status": "running",
            "timeouts": null,
            "zone": "ru-central1-a"
          },
          "sensitive_attributes": [],
          "private": "eyJlMmJmYjczMC1lY2FhLTExZTYtOGY4OC0zNDM2M2JjN2M0YzAiOnsiY3JlYXRlIjozMDAwMDAwMDAwMDAsImRlbGV0ZSI6MzAwMDAwMDAwMDAwLCJ1cGRhdGUiOjMwMDAwMDAwMDAwMH0sInNjaGVtYV92ZXJzaW9uIjoiMSJ9"
        }
      ]
    },
    {
      "module": "module.db",
      "mode": "managed",
      "type": "yandex_compute_instance",
      "name": "db",
      "provider": "provider[\"registry.terraform.io/yandex-cloud/yandex\"]",
      "instances": [
        {
          "schema_version": 1,
          "attributes": {
            "allow_recreate": null,
            "allow_stopping_for_update": null,
            "boot_disk": [
              {
                "auto_delete": true,
                "device_name": "fhmvn4grora25hh3nmoh",
                "disk_id": "fhmvn4grora25hh3nmoh",
                "initialize_params": [
                  {
                    "block_size": 4096,
                    "description": "",
                    "image_id": "fd88v0oeo7u592m85crj",
                    "name": "",
                    "size": 10,
                    "snapshot_id": "",
                    "type": "network-hdd"
                  }
                ],
                "mode": "READ_WRITE"
              }
            ],
            "created_at": "2024-01-18T08:53:05Z",
            "description": "",
            "filesystem": [],
            "folder_id": "b1g45b2ueser4lkvkknm",
            "fqdn": "fhmusha3a1tpg82su1mb.auto.internal",
            "gpu_cluster_id": "",
            "hostname": "",
            "id": "fhmusha3a1tpg82su1mb",
            "labels": {
              "tags": "reddit-db"
            },
            "local_disk": [],
            "maintenance_grace_period": "",
            "maintenance_policy": null,
            "metadata": {
              "ssh-keys": "ubuntu:ssh-rsa AAAAB3NzaC1yc2EAAAADAQABAAABgQC15+Dur/QpNMvxO2FUc5rmmmgyK7VbX95fJRFA4fHoRG8jn+YaV7cgQ5R1/ROrsMcurvGAVxV6sX9zbnO6r+lrPIt25iQXBj1j3fV5sBMIRHyev6bjRV0/5r6IzcIVMZbJfHAhALDVkIjMm/wByHQxsFvdJW+wzucmzOjUH/7n2h8P8gDDxBeBQNSEln6E6GAkOMy9uEwqk8r8lRd73I4Mpv5pxEdWxQX7OtFNf5MjesjrM/kfgdqUmZvqysMwrIh90oYU39ZAZfAj4bOk4QSydGJBUJA5EJqbwrTfH17EKL+Ac1nVkacp53NkcW4h8MjbdZD+LJUWBukXeH/zDeNyhkbVqd5uSsL7QGeQ2EWomvy4XzgwpQ9etpiPqxcOkeiv/X0zOiUit5tuWvU874vswvoCJy78G0t5VgzcuZjsbL8mdwirkCsUadiD7vXPawywg9XpSyJfh1luU0EcgllqruGrNZE5kW+dCYSJtoCKv8kZV5kCYC+Ip1KmTqg36/M= voovik59@gmail.com\n"
            },
            "metadata_options": [
              {
                "aws_v1_http_endpoint": 1,
                "aws_v1_http_token": 2,
                "gce_http_endpoint": 1,
                "gce_http_token": 1
              }
            ],
            "name": "reddit-db",
            "network_acceleration_type": "standard",
            "network_interface": [
              {
                "dns_record": [],
                "index": 0,
                "ip_address": "10.128.0.10",
                "ipv4": true,
                "ipv6": false,
                "ipv6_address": "",
                "ipv6_dns_record": [],
                "mac_address": "d0:0d:1e:e4:54:35",
                "nat": true,
                "nat_dns_record": [],
                "nat_ip_address": "84.252.131.170",
                "nat_ip_version": "IPV4",
                "security_group_ids": [],
                "subnet_id": "e9b52tgnhogstsp1k64d"
              }
            ],
            "placement_policy": [
              {
                "host_affinity_rules": [],
                "placement_group_id": ""
              }
            ],
            "platform_id": "standard-v1",
            "resources": [
              {
                "core_fraction": 100,
                "cores": 2,
                "gpus": 0,
                "memory": 2
              }
            ],
            "scheduling_policy": [
              {
                "preemptible": false
              }
            ],
            "secondary_disk": [],
            "service_account_id": "",
            "status": "running",
            "timeouts": null,
            "zone": "ru-central1-a"
          },
          "sensitive_attributes": [],
          "private": "eyJlMmJmYjczMC1lY2FhLTExZTYtOGY4OC0zNDM2M2JjN2M0YzAiOnsiY3JlYXRlIjozMDAwMDAwMDAwMDAsImRlbGV0ZSI6MzAwMDAwMDAwMDAwLCJ1cGRhdGUiOjMwMDAwMDAwMDAwMH0sInNjaGVtYV92ZXJzaW9uIjoiMSJ9"
        }
      ]
    }
  ],
  "check_results": null
}
